PODS:
  - Reveal-SDK (8)
  - SwiftLint (0.19.0)

DEPENDENCIES:
  - Reveal-SDK
  - SwiftLint (~> 0.19)

SPEC CHECKSUMS:
  Reveal-SDK: 43be4e662864e937960d0d04d005135e29c4e53b
  SwiftLint: 3537a05b34060e78e7510f04fb7537d738247803

PODFILE CHECKSUM: 27645d5ad81561d0658e998ca5031654acdf846f

COCOAPODS: 1.2.1
