PODS:
  - Reveal-SDK (17)
  - SwiftLint (0.27.0)

DEPENDENCIES:
  - Reveal-SDK
  - SwiftLint (~> 0.19)

SPEC REPOS:
  https://github.com/cocoapods/specs.git:
    - Reveal-SDK
    - SwiftLint

SPEC CHECKSUMS:
  Reveal-SDK: a6df49f47319bd19a110c960c498af32df72c0af
  SwiftLint: 3207c1faa2240bf8973b191820a116113cd11073

PODFILE CHECKSUM: dcdb1be2061a73b2ec7f06da535212583ee11ab3

COCOAPODS: 1.5.3
